
Microsoft Visual Studio Solution File, Format Version 12.00
# Visual Studio 14
VisualStudioVersion = 14.0.23107.0
MinimumVisualStudioVersion = 10.0.40219.1
Project("{FAE04EC0-301F-11D3-BF4B-00C04F79EFBC}") = "TalentGraber", "TalentGraber\TalentGraber.csproj", "{C5FA4E9E-2BBD-4774-B4A8-D45EECBFD448}"
EndProject
Project("{FAE04EC0-301F-11D3-BF4B-00C04F79EFBC}") = "GithubGraberLib", "GithubGraberLib\GithubGraberLib.csproj", "{AC117594-8748-4E22-A38D-C14EE764537D}"
EndProject
Project("{FAE04EC0-301F-11D3-BF4B-00C04F79EFBC}") = "ExtractBase", "ExtractBase\ExtractBase.csproj", "{37BD1A6E-BEE8-4886-8012-38DE6E6267EE}"
EndProject
Global
	GlobalSection(SolutionConfigurationPlatforms) = preSolution
		Debug|Any CPU = Debug|Any CPU
		Release|Any CPU = Release|Any CPU
	EndGlobalSection
	GlobalSection(ProjectConfigurationPlatforms) = postSolution
		{C5FA4E9E-2BBD-4774-B4A8-D45EECBFD448}.Debug|Any CPU.ActiveCfg = Debug|Any CPU
		{C5FA4E9E-2BBD-4774-B4A8-D45EECBFD448}.Debug|Any CPU.Build.0 = Debug|Any CPU
		{C5FA4E9E-2BBD-4774-B4A8-D45EECBFD448}.Release|Any CPU.ActiveCfg = Release|Any CPU
		{C5FA4E9E-2BBD-4774-B4A8-D45EECBFD448}.Release|Any CPU.Build.0 = Release|Any CPU
		{AC117594-8748-4E22-A38D-C14EE764537D}.Debug|Any CPU.ActiveCfg = Debug|Any CPU
		{AC117594-8748-4E22-A38D-C14EE764537D}.Debug|Any CPU.Build.0 = Debug|Any CPU
		{AC117594-8748-4E22-A38D-C14EE764537D}.Release|Any CPU.ActiveCfg = Release|Any CPU
		{AC117594-8748-4E22-A38D-C14EE764537D}.Release|Any CPU.Build.0 = Release|Any CPU
		{37BD1A6E-BEE8-4886-8012-38DE6E6267EE}.Debug|Any CPU.ActiveCfg = Debug|Any CPU
		{37BD1A6E-BEE8-4886-8012-38DE6E6267EE}.Debug|Any CPU.Build.0 = Debug|Any CPU
		{37BD1A6E-BEE8-4886-8012-38DE6E6267EE}.Release|Any CPU.ActiveCfg = Release|Any CPU
		{37BD1A6E-BEE8-4886-8012-38DE6E6267EE}.Release|Any CPU.Build.0 = Release|Any CPU
	EndGlobalSection
	GlobalSection(SolutionProperties) = preSolution
		HideSolutionNode = FALSE
	EndGlobalSection
EndGlobal
